
Microsoft Visual Studio Solution File, Format Version 12.00
# Visual Studio Version 17
VisualStudioVersion = 17.0.31903.59
MinimumVisualStudioVersion = 10.0.40219.1
Project("{2150E333-8FDC-42A3-9474-1A3956D46DE8}") = "src", "src", "{827E0CD3-B72D-47B6-A68D-7590B98EB39B}"
EndProject
Project("{FAE04EC0-301F-11D3-BF4B-00C04F79EFBC}") = "Angband.Core", "src\Angband.Core\Angband.Core.csproj", "{5456D452-DA02-4B23-B47F-88E700695FE8}"
EndProject
Project("{FAE04EC0-301F-11D3-BF4B-00C04F79EFBC}") = "Angband.Data", "src\Angband.Data\Angband.Data.csproj", "{36EE8E2D-742F-4114-B38D-E053FE824414}"
EndProject
Project("{FAE04EC0-301F-11D3-BF4B-00C04F79EFBC}") = "Angband.Avalonia", "src\Angband.Avalonia\Angband.Avalonia.csproj", "{C2C7E00B-9DE2-4A2F-9559-6605CB811F16}"
EndProject
Project("{2150E333-8FDC-42A3-9474-1A3956D46DE8}") = "tests", "tests", "{0AB3BF05-4346-4AA6-1389-037BE0695223}"
EndProject
Project("{FAE04EC0-301F-11D3-BF4B-00C04F79EFBC}") = "Angband.Tests", "tests\Angband.Tests\Angband.Tests.csproj", "{994C6ABE-3F89-4E21-9394-3270F04DE109}"
EndProject
Project("{FAE04EC0-301F-11D3-BF4B-00C04F79EFBC}") = "Angband.Avalonia.Tests", "tests\Angband.Avalonia.Tests\Angband.Avalonia.Tests.csproj", "{E35F68DB-AB34-451B-BD36-75C9CF820067}"
EndProject
Project("{FAE04EC0-301F-11D3-BF4B-00C04F79EFBC}") = "Angband.Audio", "src\Angband.Audio\Angband.Audio.csproj", "{3F9F77D4-4DD2-4BF0-BFD2-FB8BB91C7281}"
EndProject
Project("{FAE04EC0-301F-11D3-BF4B-00C04F79EFBC}") = "Angband.Input", "src\Angband.Input\Angband.Input.csproj", "{AA4125CD-2D78-47E4-B82C-A8AE537EE13D}"
EndProject
Global
	GlobalSection(SolutionConfigurationPlatforms) = preSolution
		Debug|Any CPU = Debug|Any CPU
		Debug|x64 = Debug|x64
		Debug|x86 = Debug|x86
		Release|Any CPU = Release|Any CPU
		Release|x64 = Release|x64
		Release|x86 = Release|x86
	EndGlobalSection
	GlobalSection(ProjectConfigurationPlatforms) = postSolution
		{5456D452-DA02-4B23-B47F-88E700695FE8}.Debug|Any CPU.ActiveCfg = Debug|Any CPU
		{5456D452-DA02-4B23-B47F-88E700695FE8}.Debug|Any CPU.Build.0 = Debug|Any CPU
		{5456D452-DA02-4B23-B47F-88E700695FE8}.Debug|x64.ActiveCfg = Debug|Any CPU
		{5456D452-DA02-4B23-B47F-88E700695FE8}.Debug|x64.Build.0 = Debug|Any CPU
		{5456D452-DA02-4B23-B47F-88E700695FE8}.Debug|x86.ActiveCfg = Debug|Any CPU
		{5456D452-DA02-4B23-B47F-88E700695FE8}.Debug|x86.Build.0 = Debug|Any CPU
		{5456D452-DA02-4B23-B47F-88E700695FE8}.Release|Any CPU.ActiveCfg = Release|Any CPU
		{5456D452-DA02-4B23-B47F-88E700695FE8}.Release|Any CPU.Build.0 = Release|Any CPU
		{5456D452-DA02-4B23-B47F-88E700695FE8}.Release|x64.ActiveCfg = Release|Any CPU
		{5456D452-DA02-4B23-B47F-88E700695FE8}.Release|x64.Build.0 = Release|Any CPU
		{5456D452-DA02-4B23-B47F-88E700695FE8}.Release|x86.ActiveCfg = Release|Any CPU
		{5456D452-DA02-4B23-B47F-88E700695FE8}.Release|x86.Build.0 = Release|Any CPU
		{36EE8E2D-742F-4114-B38D-E053FE824414}.Debug|Any CPU.ActiveCfg = Debug|Any CPU
		{36EE8E2D-742F-4114-B38D-E053FE824414}.Debug|Any CPU.Build.0 = Debug|Any CPU
		{36EE8E2D-742F-4114-B38D-E053FE824414}.Debug|x64.ActiveCfg = Debug|Any CPU
		{36EE8E2D-742F-4114-B38D-E053FE824414}.Debug|x64.Build.0 = Debug|Any CPU
		{36EE8E2D-742F-4114-B38D-E053FE824414}.Debug|x86.ActiveCfg = Debug|Any CPU
		{36EE8E2D-742F-4114-B38D-E053FE824414}.Debug|x86.Build.0 = Debug|Any CPU
		{36EE8E2D-742F-4114-B38D-E053FE824414}.Release|Any CPU.ActiveCfg = Release|Any CPU
		{36EE8E2D-742F-4114-B38D-E053FE824414}.Release|Any CPU.Build.0 = Release|Any CPU
		{36EE8E2D-742F-4114-B38D-E053FE824414}.Release|x64.ActiveCfg = Release|Any CPU
		{36EE8E2D-742F-4114-B38D-E053FE824414}.Release|x64.Build.0 = Release|Any CPU
		{36EE8E2D-742F-4114-B38D-E053FE824414}.Release|x86.ActiveCfg = Release|Any CPU
		{36EE8E2D-742F-4114-B38D-E053FE824414}.Release|x86.Build.0 = Release|Any CPU
		{C2C7E00B-9DE2-4A2F-9559-6605CB811F16}.Debug|Any CPU.ActiveCfg = Debug|Any CPU
		{C2C7E00B-9DE2-4A2F-9559-6605CB811F16}.Debug|Any CPU.Build.0 = Debug|Any CPU
		{C2C7E00B-9DE2-4A2F-9559-6605CB811F16}.Debug|x64.ActiveCfg = Debug|Any CPU
		{C2C7E00B-9DE2-4A2F-9559-6605CB811F16}.Debug|x64.Build.0 = Debug|Any CPU
		{C2C7E00B-9DE2-4A2F-9559-6605CB811F16}.Debug|x86.ActiveCfg = Debug|Any CPU
		{C2C7E00B-9DE2-4A2F-9559-6605CB811F16}.Debug|x86.Build.0 = Debug|Any CPU
		{C2C7E00B-9DE2-4A2F-9559-6605CB811F16}.Release|Any CPU.ActiveCfg = Release|Any CPU
		{C2C7E00B-9DE2-4A2F-9559-6605CB811F16}.Release|Any CPU.Build.0 = Release|Any CPU
		{C2C7E00B-9DE2-4A2F-9559-6605CB811F16}.Release|x64.ActiveCfg = Release|Any CPU
		{C2C7E00B-9DE2-4A2F-9559-6605CB811F16}.Release|x64.Build.0 = Release|Any CPU
		{C2C7E00B-9DE2-4A2F-9559-6605CB811F16}.Release|x86.ActiveCfg = Release|Any CPU
		{C2C7E00B-9DE2-4A2F-9559-6605CB811F16}.Release|x86.Build.0 = Release|Any CPU
		{994C6ABE-3F89-4E21-9394-3270F04DE109}.Debug|Any CPU.ActiveCfg = Debug|Any CPU
		{994C6ABE-3F89-4E21-9394-3270F04DE109}.Debug|Any CPU.Build.0 = Debug|Any CPU
		{994C6ABE-3F89-4E21-9394-3270F04DE109}.Debug|x64.ActiveCfg = Debug|Any CPU
		{994C6ABE-3F89-4E21-9394-3270F04DE109}.Debug|x64.Build.0 = Debug|Any CPU
		{994C6ABE-3F89-4E21-9394-3270F04DE109}.Debug|x86.ActiveCfg = Debug|Any CPU
		{994C6ABE-3F89-4E21-9394-3270F04DE109}.Debug|x86.Build.0 = Debug|Any CPU
		{994C6ABE-3F89-4E21-9394-3270F04DE109}.Release|Any CPU.ActiveCfg = Release|Any CPU
		{994C6ABE-3F89-4E21-9394-3270F04DE109}.Release|Any CPU.Build.0 = Release|Any CPU
		{994C6ABE-3F89-4E21-9394-3270F04DE109}.Release|x64.ActiveCfg = Release|Any CPU
		{994C6ABE-3F89-4E21-9394-3270F04DE109}.Release|x64.Build.0 = Release|Any CPU
		{994C6ABE-3F89-4E21-9394-3270F04DE109}.Release|x86.ActiveCfg = Release|Any CPU
		{994C6ABE-3F89-4E21-9394-3270F04DE109}.Release|x86.Build.0 = Release|Any CPU
		{E35F68DB-AB34-451B-BD36-75C9CF820067}.Debug|Any CPU.ActiveCfg = Debug|Any CPU
		{E35F68DB-AB34-451B-BD36-75C9CF820067}.Debug|Any CPU.Build.0 = Debug|Any CPU
		{E35F68DB-AB34-451B-BD36-75C9CF820067}.Debug|x64.ActiveCfg = Debug|Any CPU
		{E35F68DB-AB34-451B-BD36-75C9CF820067}.Debug|x64.Build.0 = Debug|Any CPU
		{E35F68DB-AB34-451B-BD36-75C9CF820067}.Debug|x86.ActiveCfg = Debug|Any CPU
		{E35F68DB-AB34-451B-BD36-75C9CF820067}.Debug|x86.Build.0 = Debug|Any CPU
		{E35F68DB-AB34-451B-BD36-75C9CF820067}.Release|Any CPU.ActiveCfg = Release|Any CPU
		{E35F68DB-AB34-451B-BD36-75C9CF820067}.Release|Any CPU.Build.0 = Release|Any CPU
		{E35F68DB-AB34-451B-BD36-75C9CF820067}.Release|x64.ActiveCfg = Release|Any CPU
		{E35F68DB-AB34-451B-BD36-75C9CF820067}.Release|x64.Build.0 = Release|Any CPU
		{E35F68DB-AB34-451B-BD36-75C9CF820067}.Release|x86.ActiveCfg = Release|Any CPU
		{E35F68DB-AB34-451B-BD36-75C9CF820067}.Release|x86.Build.0 = Release|Any CPU
		{3F9F77D4-4DD2-4BF0-BFD2-FB8BB91C7281}.Debug|Any CPU.ActiveCfg = Debug|Any CPU
		{3F9F77D4-4DD2-4BF0-BFD2-FB8BB91C7281}.Debug|Any CPU.Build.0 = Debug|Any CPU
		{3F9F77D4-4DD2-4BF0-BFD2-FB8BB91C7281}.Debug|x64.ActiveCfg = Debug|Any CPU
		{3F9F77D4-4DD2-4BF0-BFD2-FB8BB91C7281}.Debug|x64.Build.0 = Debug|Any CPU
		{3F9F77D4-4DD2-4BF0-BFD2-FB8BB91C7281}.Debug|x86.ActiveCfg = Debug|Any CPU
		{3F9F77D4-4DD2-4BF0-BFD2-FB8BB91C7281}.Debug|x86.Build.0 = Debug|Any CPU
		{3F9F77D4-4DD2-4BF0-BFD2-FB8BB91C7281}.Release|Any CPU.ActiveCfg = Release|Any CPU
		{3F9F77D4-4DD2-4BF0-BFD2-FB8BB91C7281}.Release|Any CPU.Build.0 = Release|Any CPU
		{3F9F77D4-4DD2-4BF0-BFD2-FB8BB91C7281}.Release|x64.ActiveCfg = Release|Any CPU
		{3F9F77D4-4DD2-4BF0-BFD2-FB8BB91C7281}.Release|x64.Build.0 = Release|Any CPU
		{3F9F77D4-4DD2-4BF0-BFD2-FB8BB91C7281}.Release|x86.ActiveCfg = Release|Any CPU
		{3F9F77D4-4DD2-4BF0-BFD2-FB8BB91C7281}.Release|x86.Build.0 = Release|Any CPU
		{AA4125CD-2D78-47E4-B82C-A8AE537EE13D}.Debug|Any CPU.ActiveCfg = Debug|Any CPU
		{AA4125CD-2D78-47E4-B82C-A8AE537EE13D}.Debug|Any CPU.Build.0 = Debug|Any CPU
		{AA4125CD-2D78-47E4-B82C-A8AE537EE13D}.Debug|x64.ActiveCfg = Debug|Any CPU
		{AA4125CD-2D78-47E4-B82C-A8AE537EE13D}.Debug|x64.Build.0 = Debug|Any CPU
		{AA4125CD-2D78-47E4-B82C-A8AE537EE13D}.Debug|x86.ActiveCfg = Debug|Any CPU
		{AA4125CD-2D78-47E4-B82C-A8AE537EE13D}.Debug|x86.Build.0 = Debug|Any CPU
		{AA4125CD-2D78-47E4-B82C-A8AE537EE13D}.Release|Any CPU.ActiveCfg = Release|Any CPU
		{AA4125CD-2D78-47E4-B82C-A8AE537EE13D}.Release|Any CPU.Build.0 = Release|Any CPU
		{AA4125CD-2D78-47E4-B82C-A8AE537EE13D}.Release|x64.ActiveCfg = Release|Any CPU
		{AA4125CD-2D78-47E4-B82C-A8AE537EE13D}.Release|x64.Build.0 = Release|Any CPU
		{AA4125CD-2D78-47E4-B82C-A8AE537EE13D}.Release|x86.ActiveCfg = Release|Any CPU
		{AA4125CD-2D78-47E4-B82C-A8AE537EE13D}.Release|x86.Build.0 = Release|Any CPU
	EndGlobalSection
	GlobalSection(SolutionProperties) = preSolution
		HideSolutionNode = FALSE
	EndGlobalSection
	GlobalSection(NestedProjects) = preSolution
		{5456D452-DA02-4B23-B47F-88E700695FE8} = {827E0CD3-B72D-47B6-A68D-7590B98EB39B}
		{36EE8E2D-742F-4114-B38D-E053FE824414} = {827E0CD3-B72D-47B6-A68D-7590B98EB39B}
		{C2C7E00B-9DE2-4A2F-9559-6605CB811F16} = {827E0CD3-B72D-47B6-A68D-7590B98EB39B}
		{994C6ABE-3F89-4E21-9394-3270F04DE109} = {0AB3BF05-4346-4AA6-1389-037BE0695223}
		{E35F68DB-AB34-451B-BD36-75C9CF820067} = {0AB3BF05-4346-4AA6-1389-037BE0695223}
		{3F9F77D4-4DD2-4BF0-BFD2-FB8BB91C7281} = {827E0CD3-B72D-47B6-A68D-7590B98EB39B}
		{AA4125CD-2D78-47E4-B82C-A8AE537EE13D} = {827E0CD3-B72D-47B6-A68D-7590B98EB39B}
	EndGlobalSection
EndGlobal
